
Microsoft Visual Studio Solution File, Format Version 12.00
# Visual Studio Version 17
VisualStudioVersion = 17.4.33213.308
MinimumVisualStudioVersion = 10.0.40219.1
Project("{FAE04EC0-301F-11D3-BF4B-00C04F79EFBC}") = "SQTAssignment", "SQTAssignment\SQTAssignment.csproj", "{0D39B3B1-3CE8-4C9F-9ACB-E46703DDBDDB}"
EndProject
Project("{FAE04EC0-301F-11D3-BF4B-00C04F79EFBC}") = "SQTAssignmentWeb", "SQTAssignmentWeb\SQTAssignmentWeb.csproj", "{FD5EADEE-6CB9-4B54-BFA6-774B30524782}"
EndProject
Project("{FAE04EC0-301F-11D3-BF4B-00C04F79EFBC}") = "SQTAssignmentTest", "SQTAssignmentTest\SQTAssignmentTest.csproj", "{2085F7B3-9092-4A9E-95CA-55CB1C4419D5}"
EndProject
Global
	GlobalSection(SolutionConfigurationPlatforms) = preSolution
		Debug|Any CPU = Debug|Any CPU
		Release|Any CPU = Release|Any CPU
	EndGlobalSection
	GlobalSection(ProjectConfigurationPlatforms) = postSolution
		{0D39B3B1-3CE8-4C9F-9ACB-E46703DDBDDB}.Debug|Any CPU.ActiveCfg = Debug|Any CPU
		{0D39B3B1-3CE8-4C9F-9ACB-E46703DDBDDB}.Debug|Any CPU.Build.0 = Debug|Any CPU
		{0D39B3B1-3CE8-4C9F-9ACB-E46703DDBDDB}.Release|Any CPU.ActiveCfg = Release|Any CPU
		{0D39B3B1-3CE8-4C9F-9ACB-E46703DDBDDB}.Release|Any CPU.Build.0 = Release|Any CPU
		{FD5EADEE-6CB9-4B54-BFA6-774B30524782}.Debug|Any CPU.ActiveCfg = Debug|Any CPU
		{FD5EADEE-6CB9-4B54-BFA6-774B30524782}.Debug|Any CPU.Build.0 = Debug|Any CPU
		{FD5EADEE-6CB9-4B54-BFA6-774B30524782}.Release|Any CPU.ActiveCfg = Release|Any CPU
		{FD5EADEE-6CB9-4B54-BFA6-774B30524782}.Release|Any CPU.Build.0 = Release|Any CPU
		{2085F7B3-9092-4A9E-95CA-55CB1C4419D5}.Debug|Any CPU.ActiveCfg = Debug|Any CPU
		{2085F7B3-9092-4A9E-95CA-55CB1C4419D5}.Debug|Any CPU.Build.0 = Debug|Any CPU
		{2085F7B3-9092-4A9E-95CA-55CB1C4419D5}.Release|Any CPU.ActiveCfg = Release|Any CPU
		{2085F7B3-9092-4A9E-95CA-55CB1C4419D5}.Release|Any CPU.Build.0 = Release|Any CPU
	EndGlobalSection
	GlobalSection(SolutionProperties) = preSolution
		HideSolutionNode = FALSE
	EndGlobalSection
	GlobalSection(ExtensibilityGlobals) = postSolution
		SolutionGuid = {01C6FF73-A38F-4143-8471-AED75B161645}
	EndGlobalSection
EndGlobal
